
Microsoft Visual Studio Solution File, Format Version 12.00
# Visual Studio Version 17
VisualStudioVersion = 17.10.35013.160
MinimumVisualStudioVersion = 10.0.40219.1
Project("{9A19103F-16F7-4668-BE54-9A1E7A4F7556}") = "Arcanum.Core", "Arcanum.Core\Arcanum.Core.csproj", "{E02FC032-DC20-46EE-9160-01B5C67B1562}"
	ProjectSection(ProjectDependencies) = postProject
		{734A6CB3-D436-497D-861C-78EEFE3D5EFC} = {734A6CB3-D436-497D-861C-78EEFE3D5EFC}
	EndProjectSection
EndProject
Project("{FAE04EC0-301F-11D3-BF4B-00C04F79EFBC}") = "Arcanum.API", "Arcanum.API\Arcanum.API.csproj", "{585EB8BF-CEC6-472A-9A38-7E92D2568FC6}"
	ProjectSection(ProjectDependencies) = postProject
		{734A6CB3-D436-497D-861C-78EEFE3D5EFC} = {734A6CB3-D436-497D-861C-78EEFE3D5EFC}
	EndProjectSection
EndProject
Project("{FAE04EC0-301F-11D3-BF4B-00C04F79EFBC}") = "PluginTest", "PluginTest\PluginTest.csproj", "{E94D3270-28A3-44F6-A8CA-E891641BB676}"
EndProject
Project("{FAE04EC0-301F-11D3-BF4B-00C04F79EFBC}") = "Arcanum.PluginHost", "Arcanum.PluginHost\Arcanum.PluginHost.csproj", "{892481F9-13C4-4945-BC00-E60554B58BDE}"
	ProjectSection(ProjectDependencies) = postProject
		{734A6CB3-D436-497D-861C-78EEFE3D5EFC} = {734A6CB3-D436-497D-861C-78EEFE3D5EFC}
	EndProjectSection
EndProject
Project("{FAE04EC0-301F-11D3-BF4B-00C04F79EFBC}") = "Z2ndPlugin", "2ndPlugin\Z2ndPlugin.csproj", "{C711C243-17F9-43D0-8DC7-A7956A7CE02E}"
EndProject
Project("{2150E333-8FDC-42A3-9474-1A3956D46DE8}") = "Solution Items", "Solution Items", "{5F7FEA3F-C57C-4F22-8A7D-52994DAA75C4}"
	ProjectSection(SolutionItems) = preProject
		TODO.md = TODO.md
		Features.md = Features.md
	EndProjectSection
EndProject
Project("{FAE04EC0-301F-11D3-BF4B-00C04F79EFBC}") = "Arcanum.UI", "Arcanum.UI\Arcanum.UI.csproj", "{5CFFBBFF-7DE0-4C12-8AE9-0815CC93850A}"
	ProjectSection(ProjectDependencies) = postProject
		{734A6CB3-D436-497D-861C-78EEFE3D5EFC} = {734A6CB3-D436-497D-861C-78EEFE3D5EFC}
	EndProjectSection
EndProject
Project("{FAE04EC0-301F-11D3-BF4B-00C04F79EFBC}") = "UnitTests", "UnitTests\UnitTests.csproj", "{96A23B35-1014-45C2-B2AF-5F3B67C70A1B}"
EndProject
Project("{FAE04EC0-301F-11D3-BF4B-00C04F79EFBC}") = "Benchmarking", "Benchmarking\Benchmarking.csproj", "{730E1559-1DDB-49BD-A381-A16D48C578B3}"
EndProject
Project("{2150E333-8FDC-42A3-9474-1A3956D46DE8}") = "Nexus", "Nexus", "{D5103C34-923F-46A1-93FD-2DB002574E83}"
EndProject
Project("{FAE04EC0-301F-11D3-BF4B-00C04F79EFBC}") = "Nexus.Analyzer", "Nexus.Analyzer\Nexus.Analyzer.csproj", "{99950E67-1CFE-46D6-89DE-78072F9BA4C2}"
EndProject
Project("{FAE04EC0-301F-11D3-BF4B-00C04F79EFBC}") = "Nexus.Core", "Nexus.Core\Nexus.Core.csproj", "{A2A29780-CF0F-46F4-A6AE-960990A043C6}"
EndProject
Project("{FAE04EC0-301F-11D3-BF4B-00C04F79EFBC}") = "Nexus.SourceGen", "Nexus.SourceGen\Nexus.SourceGen.csproj", "{51E884AC-8A87-4B40-9D0F-723C1A579114}"
EndProject
Project("{2150E333-8FDC-42A3-9474-1A3956D46DE8}") = "Plugins", "Plugins", "{65A3483B-2BFE-4D15-860B-0EA1B114EC93}"
EndProject
Project("{2150E333-8FDC-42A3-9474-1A3956D46DE8}") = "Analyzers", "Analyzers", "{057D7474-771C-4998-B633-5E3EB09B0E2A}"
EndProject
Project("{FAE04EC0-301F-11D3-BF4B-00C04F79EFBC}") = "DiagnosticArgsAnalyzer", "DiagnosticArgsAnalyzer\DiagnosticArgsAnalyzer.csproj", "{96A1FBC0-86B3-4452-BA5B-0D3E5E736196}"
EndProject
Project("{FAE04EC0-301F-11D3-BF4B-00C04F79EFBC}") = "Common", "Common\Common.csproj", "{734A6CB3-D436-497D-861C-78EEFE3D5EFC}"
EndProject
Global
	GlobalSection(SolutionConfigurationPlatforms) = preSolution
		Debug|Any CPU = Debug|Any CPU
		Release|Any CPU = Release|Any CPU
	EndGlobalSection
	GlobalSection(ProjectConfigurationPlatforms) = postSolution
		{E02FC032-DC20-46EE-9160-01B5C67B1562}.Debug|Any CPU.ActiveCfg = Debug|Any CPU
		{E02FC032-DC20-46EE-9160-01B5C67B1562}.Debug|Any CPU.Build.0 = Debug|Any CPU
		{E02FC032-DC20-46EE-9160-01B5C67B1562}.Release|Any CPU.ActiveCfg = Release|Any CPU
		{E02FC032-DC20-46EE-9160-01B5C67B1562}.Release|Any CPU.Build.0 = Release|Any CPU
		{585EB8BF-CEC6-472A-9A38-7E92D2568FC6}.Debug|Any CPU.ActiveCfg = Debug|Any CPU
		{585EB8BF-CEC6-472A-9A38-7E92D2568FC6}.Debug|Any CPU.Build.0 = Debug|Any CPU
		{585EB8BF-CEC6-472A-9A38-7E92D2568FC6}.Release|Any CPU.ActiveCfg = Release|Any CPU
		{585EB8BF-CEC6-472A-9A38-7E92D2568FC6}.Release|Any CPU.Build.0 = Release|Any CPU
		{E94D3270-28A3-44F6-A8CA-E891641BB676}.Debug|Any CPU.ActiveCfg = Debug|Any CPU
		{E94D3270-28A3-44F6-A8CA-E891641BB676}.Release|Any CPU.ActiveCfg = Release|Any CPU
		{892481F9-13C4-4945-BC00-E60554B58BDE}.Debug|Any CPU.ActiveCfg = Debug|Any CPU
		{892481F9-13C4-4945-BC00-E60554B58BDE}.Debug|Any CPU.Build.0 = Debug|Any CPU
		{892481F9-13C4-4945-BC00-E60554B58BDE}.Release|Any CPU.ActiveCfg = Release|Any CPU
		{892481F9-13C4-4945-BC00-E60554B58BDE}.Release|Any CPU.Build.0 = Release|Any CPU
		{C711C243-17F9-43D0-8DC7-A7956A7CE02E}.Debug|Any CPU.ActiveCfg = Debug|Any CPU
		{C711C243-17F9-43D0-8DC7-A7956A7CE02E}.Release|Any CPU.ActiveCfg = Release|Any CPU
		{5CFFBBFF-7DE0-4C12-8AE9-0815CC93850A}.Debug|Any CPU.ActiveCfg = Debug|Any CPU
		{5CFFBBFF-7DE0-4C12-8AE9-0815CC93850A}.Debug|Any CPU.Build.0 = Debug|Any CPU
		{5CFFBBFF-7DE0-4C12-8AE9-0815CC93850A}.Release|Any CPU.ActiveCfg = Release|Any CPU
		{5CFFBBFF-7DE0-4C12-8AE9-0815CC93850A}.Release|Any CPU.Build.0 = Release|Any CPU
		{96A23B35-1014-45C2-B2AF-5F3B67C70A1B}.Debug|Any CPU.ActiveCfg = Debug|Any CPU
		{96A23B35-1014-45C2-B2AF-5F3B67C70A1B}.Debug|Any CPU.Build.0 = Debug|Any CPU
		{96A23B35-1014-45C2-B2AF-5F3B67C70A1B}.Release|Any CPU.ActiveCfg = Release|Any CPU
		{730E1559-1DDB-49BD-A381-A16D48C578B3}.Debug|Any CPU.ActiveCfg = Debug|Any CPU
		{730E1559-1DDB-49BD-A381-A16D48C578B3}.Debug|Any CPU.Build.0 = Debug|Any CPU
		{730E1559-1DDB-49BD-A381-A16D48C578B3}.Release|Any CPU.ActiveCfg = Release|Any CPU
		{730E1559-1DDB-49BD-A381-A16D48C578B3}.Release|Any CPU.Build.0 = Release|Any CPU
		{99950E67-1CFE-46D6-89DE-78072F9BA4C2}.Debug|Any CPU.ActiveCfg = Debug|Any CPU
		{99950E67-1CFE-46D6-89DE-78072F9BA4C2}.Debug|Any CPU.Build.0 = Debug|Any CPU
		{99950E67-1CFE-46D6-89DE-78072F9BA4C2}.Release|Any CPU.ActiveCfg = Release|Any CPU
		{99950E67-1CFE-46D6-89DE-78072F9BA4C2}.Release|Any CPU.Build.0 = Release|Any CPU
		{A2A29780-CF0F-46F4-A6AE-960990A043C6}.Debug|Any CPU.ActiveCfg = Debug|Any CPU
		{A2A29780-CF0F-46F4-A6AE-960990A043C6}.Debug|Any CPU.Build.0 = Debug|Any CPU
		{A2A29780-CF0F-46F4-A6AE-960990A043C6}.Release|Any CPU.ActiveCfg = Release|Any CPU
		{A2A29780-CF0F-46F4-A6AE-960990A043C6}.Release|Any CPU.Build.0 = Release|Any CPU
		{51E884AC-8A87-4B40-9D0F-723C1A579114}.Debug|Any CPU.ActiveCfg = Debug|Any CPU
		{51E884AC-8A87-4B40-9D0F-723C1A579114}.Debug|Any CPU.Build.0 = Debug|Any CPU
		{51E884AC-8A87-4B40-9D0F-723C1A579114}.Release|Any CPU.ActiveCfg = Release|Any CPU
		{51E884AC-8A87-4B40-9D0F-723C1A579114}.Release|Any CPU.Build.0 = Release|Any CPU
		{96A1FBC0-86B3-4452-BA5B-0D3E5E736196}.Debug|Any CPU.ActiveCfg = Debug|Any CPU
		{96A1FBC0-86B3-4452-BA5B-0D3E5E736196}.Debug|Any CPU.Build.0 = Debug|Any CPU
		{96A1FBC0-86B3-4452-BA5B-0D3E5E736196}.Release|Any CPU.ActiveCfg = Release|Any CPU
		{96A1FBC0-86B3-4452-BA5B-0D3E5E736196}.Release|Any CPU.Build.0 = Release|Any CPU
		{734A6CB3-D436-497D-861C-78EEFE3D5EFC}.Debug|Any CPU.ActiveCfg = Debug|Any CPU
		{734A6CB3-D436-497D-861C-78EEFE3D5EFC}.Debug|Any CPU.Build.0 = Debug|Any CPU
		{734A6CB3-D436-497D-861C-78EEFE3D5EFC}.Release|Any CPU.ActiveCfg = Release|Any CPU
		{734A6CB3-D436-497D-861C-78EEFE3D5EFC}.Release|Any CPU.Build.0 = Release|Any CPU
	EndGlobalSection
	GlobalSection(SolutionProperties) = preSolution
		HideSolutionNode = FALSE
	EndGlobalSection
	GlobalSection(ExtensibilityGlobals) = postSolution
		SolutionGuid = {3E31D3CA-C663-4B09-A5CA-D796999B23E5}
	EndGlobalSection
	GlobalSection(NestedProjects) = preSolution
		{99950E67-1CFE-46D6-89DE-78072F9BA4C2} = {D5103C34-923F-46A1-93FD-2DB002574E83}
		{A2A29780-CF0F-46F4-A6AE-960990A043C6} = {D5103C34-923F-46A1-93FD-2DB002574E83}
		{51E884AC-8A87-4B40-9D0F-723C1A579114} = {D5103C34-923F-46A1-93FD-2DB002574E83}
		{C711C243-17F9-43D0-8DC7-A7956A7CE02E} = {65A3483B-2BFE-4D15-860B-0EA1B114EC93}
		{E94D3270-28A3-44F6-A8CA-E891641BB676} = {65A3483B-2BFE-4D15-860B-0EA1B114EC93}
		{96A1FBC0-86B3-4452-BA5B-0D3E5E736196} = {057D7474-771C-4998-B633-5E3EB09B0E2A}
	EndGlobalSection
EndGlobal
